
Microsoft Visual Studio Solution File, Format Version 12.00
# Visual Studio Version 17
VisualStudioVersion = 17.0.31903.59
MinimumVisualStudioVersion = 10.0.40219.1
Project("{FAE04EC0-301F-11D3-BF4B-00C04F79EFBC}") = "DocSpider.Domain", "DocSpider.Domain\DocSpider.Domain.csproj", "{C30265BD-EF5D-4C6D-B263-F9B09709BEE6}"
EndProject
Project("{FAE04EC0-301F-11D3-BF4B-00C04F79EFBC}") = "DocSpider.Infrastructure", "DocSpider.Infrastructure\DocSpider.Infrastructure.csproj", "{6B78B844-9895-468B-8A58-810853C8FCE9}"
EndProject
Project("{FAE04EC0-301F-11D3-BF4B-00C04F79EFBC}") = "DocSpider.Web", "DocSpider.Web\DocSpider.Web.csproj", "{2F4A4F3B-8E35-4FD9-81E7-1E87D93E6640}"
EndProject
Project("{FAE04EC0-301F-11D3-BF4B-00C04F79EFBC}") = "DocSpider.BuildingBlocks", "DocSpider.BuildingBlocks\DocSpider.BuildingBlocks.csproj", "{34952FA1-52B3-4F69-9DFA-D2B7216EB904}"
EndProject
Project("{FAE04EC0-301F-11D3-BF4B-00C04F79EFBC}") = "DocSpider.Application", "DocSpider.Application\DocSpider.Application.csproj", "{3801F2C2-BE99-456D-B8E6-F7C4BC50BDCA}"
EndProject
Project("{FAE04EC0-301F-11D3-BF4B-00C04F79EFBC}") = "DocSpider.Frontend", "DocSpider.Frontend\DocSpider.Frontend.csproj", "{5B425E77-AD1C-4B8A-9643-012C1C255F99}"
EndProject
Global
	GlobalSection(SolutionConfigurationPlatforms) = preSolution
		Debug|Any CPU = Debug|Any CPU
		Debug|x64 = Debug|x64
		Debug|x86 = Debug|x86
		Release|Any CPU = Release|Any CPU
		Release|x64 = Release|x64
		Release|x86 = Release|x86
	EndGlobalSection
	GlobalSection(ProjectConfigurationPlatforms) = postSolution
		{C30265BD-EF5D-4C6D-B263-F9B09709BEE6}.Debug|Any CPU.ActiveCfg = Debug|Any CPU
		{C30265BD-EF5D-4C6D-B263-F9B09709BEE6}.Debug|Any CPU.Build.0 = Debug|Any CPU
		{C30265BD-EF5D-4C6D-B263-F9B09709BEE6}.Debug|x64.ActiveCfg = Debug|Any CPU
		{C30265BD-EF5D-4C6D-B263-F9B09709BEE6}.Debug|x64.Build.0 = Debug|Any CPU
		{C30265BD-EF5D-4C6D-B263-F9B09709BEE6}.Debug|x86.ActiveCfg = Debug|Any CPU
		{C30265BD-EF5D-4C6D-B263-F9B09709BEE6}.Debug|x86.Build.0 = Debug|Any CPU
		{C30265BD-EF5D-4C6D-B263-F9B09709BEE6}.Release|Any CPU.ActiveCfg = Release|Any CPU
		{C30265BD-EF5D-4C6D-B263-F9B09709BEE6}.Release|Any CPU.Build.0 = Release|Any CPU
		{C30265BD-EF5D-4C6D-B263-F9B09709BEE6}.Release|x64.ActiveCfg = Release|Any CPU
		{C30265BD-EF5D-4C6D-B263-F9B09709BEE6}.Release|x64.Build.0 = Release|Any CPU
		{C30265BD-EF5D-4C6D-B263-F9B09709BEE6}.Release|x86.ActiveCfg = Release|Any CPU
		{C30265BD-EF5D-4C6D-B263-F9B09709BEE6}.Release|x86.Build.0 = Release|Any CPU
		{6B78B844-9895-468B-8A58-810853C8FCE9}.Debug|Any CPU.ActiveCfg = Debug|Any CPU
		{6B78B844-9895-468B-8A58-810853C8FCE9}.Debug|Any CPU.Build.0 = Debug|Any CPU
		{6B78B844-9895-468B-8A58-810853C8FCE9}.Debug|x64.ActiveCfg = Debug|Any CPU
		{6B78B844-9895-468B-8A58-810853C8FCE9}.Debug|x64.Build.0 = Debug|Any CPU
		{6B78B844-9895-468B-8A58-810853C8FCE9}.Debug|x86.ActiveCfg = Debug|Any CPU
		{6B78B844-9895-468B-8A58-810853C8FCE9}.Debug|x86.Build.0 = Debug|Any CPU
		{6B78B844-9895-468B-8A58-810853C8FCE9}.Release|Any CPU.ActiveCfg = Release|Any CPU
		{6B78B844-9895-468B-8A58-810853C8FCE9}.Release|Any CPU.Build.0 = Release|Any CPU
		{6B78B844-9895-468B-8A58-810853C8FCE9}.Release|x64.ActiveCfg = Release|Any CPU
		{6B78B844-9895-468B-8A58-810853C8FCE9}.Release|x64.Build.0 = Release|Any CPU
		{6B78B844-9895-468B-8A58-810853C8FCE9}.Release|x86.ActiveCfg = Release|Any CPU
		{6B78B844-9895-468B-8A58-810853C8FCE9}.Release|x86.Build.0 = Release|Any CPU
		{2F4A4F3B-8E35-4FD9-81E7-1E87D93E6640}.Debug|Any CPU.ActiveCfg = Debug|Any CPU
		{2F4A4F3B-8E35-4FD9-81E7-1E87D93E6640}.Debug|Any CPU.Build.0 = Debug|Any CPU
		{2F4A4F3B-8E35-4FD9-81E7-1E87D93E6640}.Debug|x64.ActiveCfg = Debug|Any CPU
		{2F4A4F3B-8E35-4FD9-81E7-1E87D93E6640}.Debug|x64.Build.0 = Debug|Any CPU
		{2F4A4F3B-8E35-4FD9-81E7-1E87D93E6640}.Debug|x86.ActiveCfg = Debug|Any CPU
		{2F4A4F3B-8E35-4FD9-81E7-1E87D93E6640}.Debug|x86.Build.0 = Debug|Any CPU
		{2F4A4F3B-8E35-4FD9-81E7-1E87D93E6640}.Release|Any CPU.ActiveCfg = Release|Any CPU
		{2F4A4F3B-8E35-4FD9-81E7-1E87D93E6640}.Release|Any CPU.Build.0 = Release|Any CPU
		{2F4A4F3B-8E35-4FD9-81E7-1E87D93E6640}.Release|x64.ActiveCfg = Release|Any CPU
		{2F4A4F3B-8E35-4FD9-81E7-1E87D93E6640}.Release|x64.Build.0 = Release|Any CPU
		{2F4A4F3B-8E35-4FD9-81E7-1E87D93E6640}.Release|x86.ActiveCfg = Release|Any CPU
		{2F4A4F3B-8E35-4FD9-81E7-1E87D93E6640}.Release|x86.Build.0 = Release|Any CPU
		{34952FA1-52B3-4F69-9DFA-D2B7216EB904}.Debug|Any CPU.ActiveCfg = Debug|Any CPU
		{34952FA1-52B3-4F69-9DFA-D2B7216EB904}.Debug|Any CPU.Build.0 = Debug|Any CPU
		{34952FA1-52B3-4F69-9DFA-D2B7216EB904}.Debug|x64.ActiveCfg = Debug|Any CPU
		{34952FA1-52B3-4F69-9DFA-D2B7216EB904}.Debug|x64.Build.0 = Debug|Any CPU
		{34952FA1-52B3-4F69-9DFA-D2B7216EB904}.Debug|x86.ActiveCfg = Debug|Any CPU
		{34952FA1-52B3-4F69-9DFA-D2B7216EB904}.Debug|x86.Build.0 = Debug|Any CPU
		{34952FA1-52B3-4F69-9DFA-D2B7216EB904}.Release|Any CPU.ActiveCfg = Release|Any CPU
		{34952FA1-52B3-4F69-9DFA-D2B7216EB904}.Release|Any CPU.Build.0 = Release|Any CPU
		{34952FA1-52B3-4F69-9DFA-D2B7216EB904}.Release|x64.ActiveCfg = Release|Any CPU
		{34952FA1-52B3-4F69-9DFA-D2B7216EB904}.Release|x64.Build.0 = Release|Any CPU
		{34952FA1-52B3-4F69-9DFA-D2B7216EB904}.Release|x86.ActiveCfg = Release|Any CPU
		{34952FA1-52B3-4F69-9DFA-D2B7216EB904}.Release|x86.Build.0 = Release|Any CPU
		{3801F2C2-BE99-456D-B8E6-F7C4BC50BDCA}.Debug|Any CPU.ActiveCfg = Debug|Any CPU
		{3801F2C2-BE99-456D-B8E6-F7C4BC50BDCA}.Debug|Any CPU.Build.0 = Debug|Any CPU
		{3801F2C2-BE99-456D-B8E6-F7C4BC50BDCA}.Debug|x64.ActiveCfg = Debug|Any CPU
		{3801F2C2-BE99-456D-B8E6-F7C4BC50BDCA}.Debug|x64.Build.0 = Debug|Any CPU
		{3801F2C2-BE99-456D-B8E6-F7C4BC50BDCA}.Debug|x86.ActiveCfg = Debug|Any CPU
		{3801F2C2-BE99-456D-B8E6-F7C4BC50BDCA}.Debug|x86.Build.0 = Debug|Any CPU
		{3801F2C2-BE99-456D-B8E6-F7C4BC50BDCA}.Release|Any CPU.ActiveCfg = Release|Any CPU
		{3801F2C2-BE99-456D-B8E6-F7C4BC50BDCA}.Release|Any CPU.Build.0 = Release|Any CPU
		{3801F2C2-BE99-456D-B8E6-F7C4BC50BDCA}.Release|x64.ActiveCfg = Release|Any CPU
		{3801F2C2-BE99-456D-B8E6-F7C4BC50BDCA}.Release|x64.Build.0 = Release|Any CPU
		{3801F2C2-BE99-456D-B8E6-F7C4BC50BDCA}.Release|x86.ActiveCfg = Release|Any CPU
		{3801F2C2-BE99-456D-B8E6-F7C4BC50BDCA}.Release|x86.Build.0 = Release|Any CPU
		{5B425E77-AD1C-4B8A-9643-012C1C255F99}.Debug|Any CPU.ActiveCfg = Debug|Any CPU
		{5B425E77-AD1C-4B8A-9643-012C1C255F99}.Debug|Any CPU.Build.0 = Debug|Any CPU
		{5B425E77-AD1C-4B8A-9643-012C1C255F99}.Debug|x64.ActiveCfg = Debug|Any CPU
		{5B425E77-AD1C-4B8A-9643-012C1C255F99}.Debug|x64.Build.0 = Debug|Any CPU
		{5B425E77-AD1C-4B8A-9643-012C1C255F99}.Debug|x86.ActiveCfg = Debug|Any CPU
		{5B425E77-AD1C-4B8A-9643-012C1C255F99}.Debug|x86.Build.0 = Debug|Any CPU
		{5B425E77-AD1C-4B8A-9643-012C1C255F99}.Release|Any CPU.ActiveCfg = Release|Any CPU
		{5B425E77-AD1C-4B8A-9643-012C1C255F99}.Release|Any CPU.Build.0 = Release|Any CPU
		{5B425E77-AD1C-4B8A-9643-012C1C255F99}.Release|x64.ActiveCfg = Release|Any CPU
		{5B425E77-AD1C-4B8A-9643-012C1C255F99}.Release|x64.Build.0 = Release|Any CPU
		{5B425E77-AD1C-4B8A-9643-012C1C255F99}.Release|x86.ActiveCfg = Release|Any CPU
		{5B425E77-AD1C-4B8A-9643-012C1C255F99}.Release|x86.Build.0 = Release|Any CPU
	EndGlobalSection
	GlobalSection(SolutionProperties) = preSolution
		HideSolutionNode = FALSE
	EndGlobalSection
EndGlobal
